
Microsoft Visual Studio Solution File, Format Version 12.00
# Visual Studio Version 16
VisualStudioVersion = 16.0.29503.13
MinimumVisualStudioVersion = 10.0.40219.1
Project("{FAE04EC0-301F-11D3-BF4B-00C04F79EFBC}") = "CSH_PassGen", "CSH_PassGen\CSH_PassGen.csproj", "{CAFAF61D-6D0B-44F7-AEBA-C1B84AC18F8E}"
EndProject
Global
	GlobalSection(SolutionConfigurationPlatforms) = preSolution
		Debug|Any CPU = Debug|Any CPU
		Release|Any CPU = Release|Any CPU
	EndGlobalSection
	GlobalSection(ProjectConfigurationPlatforms) = postSolution
		{CAFAF61D-6D0B-44F7-AEBA-C1B84AC18F8E}.Debug|Any CPU.ActiveCfg = Debug|Any CPU
		{CAFAF61D-6D0B-44F7-AEBA-C1B84AC18F8E}.Debug|Any CPU.Build.0 = Debug|Any CPU
		{CAFAF61D-6D0B-44F7-AEBA-C1B84AC18F8E}.Release|Any CPU.ActiveCfg = Release|Any CPU
		{CAFAF61D-6D0B-44F7-AEBA-C1B84AC18F8E}.Release|Any CPU.Build.0 = Release|Any CPU
	EndGlobalSection
	GlobalSection(SolutionProperties) = preSolution
		HideSolutionNode = FALSE
	EndGlobalSection
	GlobalSection(ExtensibilityGlobals) = postSolution
		SolutionGuid = {F335AF9A-6809-4C57-8974-2520C027D438}
	EndGlobalSection
EndGlobal
